
Microsoft Visual Studio Solution File, Format Version 12.00
# Visual Studio 2012
Project("{FAE04EC0-301F-11D3-BF4B-00C04F79EFBC}") = "ReflectionSet", "ConsoleApplication1\ReflectionSet.csproj", "{F7C31FA8-E5F3-4A41-B044-3F40B48D046A}"
EndProject
Global
	GlobalSection(SolutionConfigurationPlatforms) = preSolution
		Debug|Any CPU = Debug|Any CPU
		Release|Any CPU = Release|Any CPU
	EndGlobalSection
	GlobalSection(ProjectConfigurationPlatforms) = postSolution
		{F7C31FA8-E5F3-4A41-B044-3F40B48D046A}.Debug|Any CPU.ActiveCfg = Debug|Any CPU
		{F7C31FA8-E5F3-4A41-B044-3F40B48D046A}.Debug|Any CPU.Build.0 = Debug|Any CPU
		{F7C31FA8-E5F3-4A41-B044-3F40B48D046A}.Release|Any CPU.ActiveCfg = Release|Any CPU
		{F7C31FA8-E5F3-4A41-B044-3F40B48D046A}.Release|Any CPU.Build.0 = Release|Any CPU
	EndGlobalSection
	GlobalSection(SolutionProperties) = preSolution
		HideSolutionNode = FALSE
	EndGlobalSection
EndGlobal
